{
    "_meta": {
        "hash": {
            "sha256": "ff0c34790929576f3b68509746efcce184fb63b08ca52819a8e33edbaecb6903"
        },
        "pipfile-spec": 6,
        "requires": {
            "python_version": "3.7"
        },
        "sources": [
            {
                "name": "pypi",
                "url": "https://pypi.python.org/simple",
                "verify_ssl": true
            }
        ]
    },
    "default": {
        "adafruit-ampy": {
            "hashes": [
                "sha256:1055827874010f48c7dbd3cde4b1d7c6f6732661fad193b188a398e88961fc62"
            ],
            "index": "pypi",
            "version": "==1.0.5"
        },
        "click": {
            "hashes": [
                "sha256:29f99fc6125fbc931b758dc053b3114e55c77a6e4c6c3a2674a2dc986016381d",
                "sha256:f15516df478d5a56180fbf80e68f206010e6d160fc39fa508b65e035fd75130b"
            ],
            "index": "pypi",
            "version": "==6.7"
        },
        "jinja2": {
            "hashes": [
                "sha256:74c935a1b8bb9a3947c50a54766a969d4846290e1e788ea44c1392163723c3bd",
                "sha256:f84be1bb0040caca4cea721fcbbbbd61f9be9464ca236387158b0feea01914a4"
            ],
            "index": "pypi",
            "version": "==2.10"
        },
        "markupsafe": {
            "hashes": [
                "sha256:a6be69091dac236ea9c6bc7d012beab42010fa914c459791d627dad4910eb665"
            ],
            "version": "==1.0"
        },
        "mpy-cross": {
            "hashes": [
                "sha256:156f57ee2114c2e3ccd47584f041e538972e77c129163c8f83bfdbd38f73cdd2",
                "sha256:19d87dc227df613193817cb436a14f35e8db7abe0e97f05eb644fb44091938ca",
                "sha256:6d19ed00833368c2365be869a23b8263c39fb2670c0df92b60184ef8e69126d0",
                "sha256:6d805426146df0373ba51fd928217c9b87071a2a6fa8a0dadd3ef48a2ee5473e",
                "sha256:7f255f7c5867f46a2a2aede70c5a8a66ac4f3b856165dc08ed2740ff8044f085"
            ],
            "index": "pypi",
            "version": "==1.9.4"
        },
        "muro": {
            "editable": true,
            "path": "."
        },
        "psutil": {
            "hashes": [
                "sha256:0ff2b16e9045d01edb1dd10d7fbcc184012e37f6cd38029e959f2be9c6223f50",
                "sha256:254adb6a27c888f141d2a6032ae231d8ed4fc5f7583b4c825e5f7d7c78d26d2e",
                "sha256:319e12f6bae4d4d988fbff3bed792953fa3b44c791f085b0a1a230f755671ef7",
                "sha256:529ae235896efb99a6f77653a7138273ab701ec9f0343a1f5030945108dee3c4",
                "sha256:686e5a35fe4c0acc25f3466c32e716f2d498aaae7b7edc03e2305b682226bcf6",
                "sha256:6d981b4d863b20c8ceed98b8ac3d1ca7f96d28707a80845d360fa69c8fc2c44b",
                "sha256:7789885a72aa3075d28d028236eb3f2b84d908f81d38ad41769a6ddc2fd81b7c",
                "sha256:7f4616bcb44a6afda930cfc40215e5e9fa7c6896e683b287c771c937712fbe2f",
                "sha256:7fdb3d02bfd68f508e6745021311a4a4dbfec53fca03721474e985f310e249ba",
                "sha256:a9b85b335b40a528a8e2a6b549592138de8429c6296e7361892958956e6a73cf",
                "sha256:dc85fad15ef98103ecc047a0d81b55bbf5fe1b03313b96e883acc2e2fa87ed5c"
            ],
            "markers": "python_version != '3.3.*' and python_version != '3.1.*' and python_version >= '2.6' and python_version != '3.2.*' and python_version != '3.0.*'",
            "version": "==5.4.6"
        },
        "pulsectl": {
            "hashes": [
                "sha256:8d5301ea41599cdc625a0c1ed7d1017655b7efba81b5bbdd8d40d31d81296969",
                "sha256:f57d348cb1974d9ab4140a457ce85ef746892e370a1465a845e308713123d0fb"
            ],
            "index": "pypi",
            "version": "==18.5.3"
        },
        "pyserial": {
            "hashes": [
                "sha256:6e2d401fdee0eab996cf734e67773a0143b932772ca8b42451440cfed942c627",
                "sha256:e0770fadba80c31013896c7e6ef703f72e7834965954a78e71a3049488d4d7d8"
            ],
            "version": "==3.4"
        },
        "python-dotenv": {
            "hashes": [
                "sha256:4965ed170bf51c347a89820e8050655e9c25db3837db6602e906b6d850fad85c",
                "sha256:509736185257111613009974e666568a1b031b028b61b500ef1ab4ee780089d5"
            ],
            "version": "==0.8.2"
        },
        "pyzmq": {
            "hashes": [
                "sha256:096b72e48dc4fb6afac4dc862626b103287176be7c0f49b52782689eac4bf376",
                "sha256:1c0d469837c54df4b3b8424c79f102a2a4ccc7e1e7f8816fcdcf39c1e6406b19",
                "sha256:2199f753a230e26aec5238b0518b036780708a4c887d4944519681a920b9dee4",
                "sha256:22402d2a55dcc5973b1356be12dbc4417350fcc85a6da3af2984271e769a28f4",
                "sha256:4166c2e45b5d43bc1da49a7f8518c2ced11227fb69b35405940442b92b0b0c34",
                "sha256:488ab43a9c4a710264987e7efe5d53384858281bd6540db0a47e7bb6c3bf7ec5",
                "sha256:8d757eaf5eb3b27ab449343e55b8e8f442a3de67ccdfca893cefe8964d44a147",
                "sha256:8e576262221c7fbee894cf105eb975f1385fc91988ce6120cdb2305195e7a9f6",
                "sha256:90b38559b33f544ebaa35fcb8d4091cb35c689a3cfe92e584e36c746f648c12b",
                "sha256:911f457a0b5c0e0c857a71bd2abbb96d15c695a11cf61caa43059143ed01bb6e",
                "sha256:941c9676bc2f3dbab528a4cd42a9dd80310156ed6014276f16288f25c9ff4da2",
                "sha256:965d50febc5402e7fb93c432155463b4184a79bec040cdeb3b006b278b3a544f",
                "sha256:98fe34bbbe5a516e75ac16f1ea585d9c1dda2067b6c9f4da174add6c952883b6",
                "sha256:9dc60c4a8299aa77082493231045d15b58c7875cb9f3dbee6e11a86356bd9e24",
                "sha256:a3d1c56387332063a5492c186fb504a7b6dfbdf6f0ce0a7388fed722998e3b0f",
                "sha256:a9660113ff4c52160f734704af8d351326cc6eabf1dbd135cf02c0ded02e1d9d",
                "sha256:b097f32a1ee00e0b2aa9776e0112a73655484d2e7c0634757c84c036c8be0706",
                "sha256:bcd81ab868e916fc22172667e528211b21e2dcab9af2e9fb3ee631d3eb946893",
                "sha256:bd1c9cbb6d1032a61a8ab0e77b1c83caa7b04e77a6736ff23d213de6bde92622",
                "sha256:cfe8d245bd62b3f87e120029f5a83f47055d3bb2d2b7f91566dd43487dedd6e3",
                "sha256:d74052450985befe7d983abb1daab6112b5cb78f1258731afe04c55dbb504739",
                "sha256:df65629511d6037045b2b4d87b17b0a984d7ae6af44e0d87c350c93e6685d746",
                "sha256:e724a5117044490cf0f55b5025bba4b909de0be4f47f6a48ad7c24d6a8e7e48c",
                "sha256:fafcb5be16c0012ada037b8eaf63d5b25d421680072eeb6df4a2d90599d962e6",
                "sha256:fdced6cf08aaa5b0dacfa4562e518ffb562bb09a90483f920cf6c4ecabd3f379"
            ],
            "markers": "python_version != '3.1*' and python_version != '3.2*' and python_version != '3.0*' and python_version >= '2.7'",
            "version": "==17.1.0"
        },
        "tblib": {
            "hashes": [
                "sha256:436e4200e63d92316551179dc540906652878df4ff39b43db30fcf6400444fe7",
                "sha256:9bae4b8c44b06af0e114bfc4d5f6aa3eafd2119af5a4dcab34f51f1665f16c59"
            ],
            "version": "==1.3.2"
        },
        "zproc": {
            "hashes": [
                "sha256:4d197cfd33991495be1400d43ea3e2c07071d29ee3eef57bd4913a5507d19625",
                "sha256:ef26c61e5815b3da0cf96ed48f049ee1351b3b2915fdff338ef1dc272adfc9dc"
            ],
            "index": "pypi",
            "version": "==0.8.1"
        }
    },
    "develop": {}
}
